
Microsoft Visual Studio Solution File, Format Version 12.00
# Visual Studio Version 16
VisualStudioVersion = 16.0.31105.61
MinimumVisualStudioVersion = 10.0.40219.1
Project("{8BC9CEB8-8B4A-11D0-8D11-00A0C91BC942}") = "L6pb9", "L6pb9\L6pb9.vcxproj", "{B7C5A6B2-472D-4AA8-9C03-227EEE591321}"
EndProject
Global
	GlobalSection(SolutionConfigurationPlatforms) = preSolution
		Debug|x64 = Debug|x64
		Debug|x86 = Debug|x86
		Release|x64 = Release|x64
		Release|x86 = Release|x86
	EndGlobalSection
	GlobalSection(ProjectConfigurationPlatforms) = postSolution
		{B7C5A6B2-472D-4AA8-9C03-227EEE591321}.Debug|x64.ActiveCfg = Debug|x64
		{B7C5A6B2-472D-4AA8-9C03-227EEE591321}.Debug|x64.Build.0 = Debug|x64
		{B7C5A6B2-472D-4AA8-9C03-227EEE591321}.Debug|x86.ActiveCfg = Debug|Win32
		{B7C5A6B2-472D-4AA8-9C03-227EEE591321}.Debug|x86.Build.0 = Debug|Win32
		{B7C5A6B2-472D-4AA8-9C03-227EEE591321}.Release|x64.ActiveCfg = Release|x64
		{B7C5A6B2-472D-4AA8-9C03-227EEE591321}.Release|x64.Build.0 = Release|x64
		{B7C5A6B2-472D-4AA8-9C03-227EEE591321}.Release|x86.ActiveCfg = Release|Win32
		{B7C5A6B2-472D-4AA8-9C03-227EEE591321}.Release|x86.Build.0 = Release|Win32
	EndGlobalSection
	GlobalSection(SolutionProperties) = preSolution
		HideSolutionNode = FALSE
	EndGlobalSection
	GlobalSection(ExtensibilityGlobals) = postSolution
		SolutionGuid = {A436D1BD-82D6-49DC-8A1B-08CC024635A0}
	EndGlobalSection
EndGlobal
